
Microsoft Visual Studio Solution File, Format Version 12.00
# Visual Studio Version 17
VisualStudioVersion = 17.10.35013.160
MinimumVisualStudioVersion = 10.0.40219.1
Project("{FAE04EC0-301F-11D3-BF4B-00C04F79EFBC}") = "WindowsFormsApp1", "WindowsFormsApp1\WindowsFormsApp1.csproj", "{1BC1E416-298C-4C4F-A519-98476DC12AA4}"
EndProject
Global
	GlobalSection(SolutionConfigurationPlatforms) = preSolution
		Debug|Any CPU = Debug|Any CPU
		Release|Any CPU = Release|Any CPU
	EndGlobalSection
	GlobalSection(ProjectConfigurationPlatforms) = postSolution
		{1BC1E416-298C-4C4F-A519-98476DC12AA4}.Debug|Any CPU.ActiveCfg = Debug|Any CPU
		{1BC1E416-298C-4C4F-A519-98476DC12AA4}.Debug|Any CPU.Build.0 = Debug|Any CPU
		{1BC1E416-298C-4C4F-A519-98476DC12AA4}.Release|Any CPU.ActiveCfg = Release|Any CPU
		{1BC1E416-298C-4C4F-A519-98476DC12AA4}.Release|Any CPU.Build.0 = Release|Any CPU
	EndGlobalSection
	GlobalSection(SolutionProperties) = preSolution
		HideSolutionNode = FALSE
	EndGlobalSection
	GlobalSection(ExtensibilityGlobals) = postSolution
		SolutionGuid = {646C38AA-E03B-4CA8-B921-CE1DB94B49FD}
	EndGlobalSection
EndGlobal
